{
  "version": "5",
  "specifiers": {
    "jsr:@supabase/functions-js@*": "2.108.2"
  },
  "jsr": {
    "@supabase/functions-js@2.108.2": {
      "integrity": "39665d68e1cb721b0714ed1f55c075fba16f8d992672b51458660b3c1ec77c8f"
    }
  },
  "remote": {
    "https://esm.sh/@supabase/supabase-js@2.39.3": "832d7714491bd1c8a9008a332b35cb099f24b451ad79e755ecf4d71985fd6610"
  },
  "workspace": {
    "packageJson": {
      "dependencies": [
        "npm:@playwright/test@^1.61.1",
        "npm:serve@^14.2.6"
      ]
    }
  }
}
